// !$*UTF8*$!
{
	archiveVersion = 1;
	classes = {
	};
	objectVersion = 56;
	objects = {

/* Begin PBXBuildFile section */
		041E91FB2A54388A00233723 /* AppDelegate.swift in Sources */ = {isa = PBXBuildFile; fileRef = 041E91FA2A54388A00233723 /* AppDelegate.swift */; };
		041E91FD2A54388A00233723 /* SceneDelegate.swift in Sources */ = {isa = PBXBuildFile; fileRef = 041E91FC2A54388A00233723 /* SceneDelegate.swift */; };
		041E91FF2A54388A00233723 /* AuthorizationVC.swift in Sources */ = {isa = PBXBuildFile; fileRef = 041E91FE2A54388A00233723 /* AuthorizationVC.swift */; };
		041E92022A54388A00233723 /* Main.storyboard in Resources */ = {isa = PBXBuildFile; fileRef = 041E92002A54388A00233723 /* Main.storyboard */; };
		041E92052A54388A00233723 /* Ruhanka.xcdatamodeld in Sources */ = {isa = PBXBuildFile; fileRef = 041E92032A54388A00233723 /* Ruhanka.xcdatamodeld */; };
		041E92072A54388C00233723 /* Assets.xcassets in Resources */ = {isa = PBXBuildFile; fileRef = 041E92062A54388C00233723 /* Assets.xcassets */; };
		041E920A2A54388C00233723 /* LaunchScreen.storyboard in Resources */ = {isa = PBXBuildFile; fileRef = 041E92082A54388C00233723 /* LaunchScreen.storyboard */; };
		044121D92A57218800039C77 /* RegistrationAndLoginModel.swift in Sources */ = {isa = PBXBuildFile; fileRef = 044121D82A57218800039C77 /* RegistrationAndLoginModel.swift */; };
		044121DB2A581A7D00039C77 /* GoogleService-Info.plist in Resources */ = {isa = PBXBuildFile; fileRef = 044121DA2A581A7C00039C77 /* GoogleService-Info.plist */; };
		044121DD2A582EA500039C77 /* AvailableCoursesVC.swift in Sources */ = {isa = PBXBuildFile; fileRef = 044121DC2A582EA500039C77 /* AvailableCoursesVC.swift */; };
		044121ED2A5F172B00039C77 /* Constants.swift in Sources */ = {isa = PBXBuildFile; fileRef = 044121EC2A5F172B00039C77 /* Constants.swift */; };
		04558DE62A55A2A60029EFF0 /* EmailRegistrationVC.swift in Sources */ = {isa = PBXBuildFile; fileRef = 04558DE52A55A2A60029EFF0 /* EmailRegistrationVC.swift */; };
		0477BDB32A5704AD00FA9D32 /* LogInVC.swift in Sources */ = {isa = PBXBuildFile; fileRef = 0477BDB22A5704AD00FA9D32 /* LogInVC.swift */; };
		C53DBF182B6B079EFD4ED6BF /* Pods_Ruhanka.framework in Frameworks */ = {isa = PBXBuildFile; fileRef = 88873940DABEEE958DF2B1E5 /* Pods_Ruhanka.framework */; };
/* End PBXBuildFile section */

/* Begin PBXFileReference section */
		041E91F72A54388A00233723 /* Ruhanka.app */ = {isa = PBXFileReference; explicitFileType = wrapper.application; includeInIndex = 0; path = Ruhanka.app; sourceTree = BUILT_PRODUCTS_DIR; };
		041E91FA2A54388A00233723 /* AppDelegate.swift */ = {isa = PBXFileReference; lastKnownFileType = sourcecode.swift; path = AppDelegate.swift; sourceTree = "<group>"; };
		041E91FC2A54388A00233723 /* SceneDelegate.swift */ = {isa = PBXFileReference; lastKnownFileType = sourcecode.swift; path = SceneDelegate.swift; sourceTree = "<group>"; };
		041E91FE2A54388A00233723 /* AuthorizationVC.swift */ = {isa = PBXFileReference; lastKnownFileType = sourcecode.swift; path = AuthorizationVC.swift; sourceTree = "<group>"; };
		041E92012A54388A00233723 /* Base */ = {isa = PBXFileReference; lastKnownFileType = file.storyboard; name = Base; path = Base.lproj/Main.storyboard; sourceTree = "<group>"; };
		041E92042A54388A00233723 /* Ruhanka.xcdatamodel */ = {isa = PBXFileReference; lastKnownFileType = wrapper.xcdatamodel; path = Ruhanka.xcdatamodel; sourceTree = "<group>"; };
		041E92062A54388C00233723 /* Assets.xcassets */ = {isa = PBXFileReference; lastKnownFileType = folder.assetcatalog; path = Assets.xcassets; sourceTree = "<group>"; };
		041E92092A54388C00233723 /* Base */ = {isa = PBXFileReference; lastKnownFileType = file.storyboard; name = Base; path = Base.lproj/LaunchScreen.storyboard; sourceTree = "<group>"; };
		041E920B2A54388C00233723 /* Info.plist */ = {isa = PBXFileReference; lastKnownFileType = text.plist.xml; path = Info.plist; sourceTree = "<group>"; };
		044121D82A57218800039C77 /* RegistrationAndLoginModel.swift */ = {isa = PBXFileReference; lastKnownFileType = sourcecode.swift; path = RegistrationAndLoginModel.swift; sourceTree = "<group>"; };
		044121DA2A581A7C00039C77 /* GoogleService-Info.plist */ = {isa = PBXFileReference; fileEncoding = 4; lastKnownFileType = text.plist.xml; path = "GoogleService-Info.plist"; sourceTree = "<group>"; };
		044121DC2A582EA500039C77 /* AvailableCoursesVC.swift */ = {isa = PBXFileReference; lastKnownFileType = sourcecode.swift; path = AvailableCoursesVC.swift; sourceTree = "<group>"; };
		044121EC2A5F172B00039C77 /* Constants.swift */ = {isa = PBXFileReference; lastKnownFileType = sourcecode.swift; path = Constants.swift; sourceTree = "<group>"; };
		04558DE52A55A2A60029EFF0 /* EmailRegistrationVC.swift */ = {isa = PBXFileReference; lastKnownFileType = sourcecode.swift; path = EmailRegistrationVC.swift; sourceTree = "<group>"; };
		0477BDB22A5704AD00FA9D32 /* LogInVC.swift */ = {isa = PBXFileReference; lastKnownFileType = sourcecode.swift; path = LogInVC.swift; sourceTree = "<group>"; };
		3BE03EB784DD7D4647DB4971 /* Pods-Ruhanka.release.xcconfig */ = {isa = PBXFileReference; includeInIndex = 1; lastKnownFileType = text.xcconfig; name = "Pods-Ruhanka.release.xcconfig"; path = "Target Support Files/Pods-Ruhanka/Pods-Ruhanka.release.xcconfig"; sourceTree = "<group>"; };
		6BEA82482FA37DC90C74F7DE /* Pods-Ruhanka.debug.xcconfig */ = {isa = PBXFileReference; includeInIndex = 1; lastKnownFileType = text.xcconfig; name = "Pods-Ruhanka.debug.xcconfig"; path = "Target Support Files/Pods-Ruhanka/Pods-Ruhanka.debug.xcconfig"; sourceTree = "<group>"; };
		88873940DABEEE958DF2B1E5 /* Pods_Ruhanka.framework */ = {isa = PBXFileReference; explicitFileType = wrapper.framework; includeInIndex = 0; path = Pods_Ruhanka.framework; sourceTree = BUILT_PRODUCTS_DIR; };
/* End PBXFileReference section */

/* Begin PBXFrameworksBuildPhase section */
		041E91F42A54388A00233723 /* Frameworks */ = {
			isa = PBXFrameworksBuildPhase;
			buildActionMask = 2147483647;
			files = (
				C53DBF182B6B079EFD4ED6BF /* Pods_Ruhanka.framework in Frameworks */,
			);
			runOnlyForDeploymentPostprocessing = 0;
		};
/* End PBXFrameworksBuildPhase section */

/* Begin PBXGroup section */
		041E91EE2A54388A00233723 = {
			isa = PBXGroup;
			children = (
				041E91F92A54388A00233723 /* Ruhanka */,
				041E91F82A54388A00233723 /* Products */,
				8508087335EB5A21ACEE7BCF /* Pods */,
				BD0C466075F759FAA884F408 /* Frameworks */,
			);
			sourceTree = "<group>";
		};
		041E91F82A54388A00233723 /* Products */ = {
			isa = PBXGroup;
			children = (
				041E91F72A54388A00233723 /* Ruhanka.app */,
			);
			name = Products;
			sourceTree = "<group>";
		};
		041E91F92A54388A00233723 /* Ruhanka */ = {
			isa = PBXGroup;
			children = (
				041E91FA2A54388A00233723 /* AppDelegate.swift */,
				0477BDB42A57069700FA9D32 /* Model */,
				04558DE72A55A2E60029EFF0 /* Controllers */,
				041E91FC2A54388A00233723 /* SceneDelegate.swift */,
				041E92002A54388A00233723 /* Main.storyboard */,
				041E92062A54388C00233723 /* Assets.xcassets */,
				041E92082A54388C00233723 /* LaunchScreen.storyboard */,
				041E920B2A54388C00233723 /* Info.plist */,
				041E92032A54388A00233723 /* Ruhanka.xcdatamodeld */,
				044121DA2A581A7C00039C77 /* GoogleService-Info.plist */,
				044121EC2A5F172B00039C77 /* Constants.swift */,
			);
			path = Ruhanka;
			sourceTree = "<group>";
		};
		04558DE72A55A2E60029EFF0 /* Controllers */ = {
			isa = PBXGroup;
			children = (
				0477BDB22A5704AD00FA9D32 /* LogInVC.swift */,
				04558DE52A55A2A60029EFF0 /* EmailRegistrationVC.swift */,
				041E91FE2A54388A00233723 /* AuthorizationVC.swift */,
				044121DC2A582EA500039C77 /* AvailableCoursesVC.swift */,
			);
			path = Controllers;
			sourceTree = "<group>";
		};
		0477BDB42A57069700FA9D32 /* Model */ = {
			isa = PBXGroup;
			children = (
				044121D82A57218800039C77 /* RegistrationAndLoginModel.swift */,
			);
			path = Model;
			sourceTree = "<group>";
		};
		8508087335EB5A21ACEE7BCF /* Pods */ = {
			isa = PBXGroup;
			children = (
				6BEA82482FA37DC90C74F7DE /* Pods-Ruhanka.debug.xcconfig */,
				3BE03EB784DD7D4647DB4971 /* Pods-Ruhanka.release.xcconfig */,
			);
			path = Pods;
			sourceTree = "<group>";
		};
		BD0C466075F759FAA884F408 /* Frameworks */ = {
			isa = PBXGroup;
			children = (
				88873940DABEEE958DF2B1E5 /* Pods_Ruhanka.framework */,
			);
			name = Frameworks;
			sourceTree = "<group>";
		};
/* End PBXGroup section */

/* Begin PBXNativeTarget section */
		041E91F62A54388A00233723 /* Ruhanka */ = {
			isa = PBXNativeTarget;
			buildConfigurationList = 041E920E2A54388C00233723 /* Build configuration list for PBXNativeTarget "Ruhanka" */;
			buildPhases = (
				DFDBBF46C626DC20F99B7581 /* [CP] Check Pods Manifest.lock */,
				041E91F32A54388A00233723 /* Sources */,
				041E91F42A54388A00233723 /* Frameworks */,
				041E91F52A54388A00233723 /* Resources */,
				CE8C86060836D7EB098845B2 /* [CP] Embed Pods Frameworks */,
			);
			buildRules = (
			);
			dependencies = (
			);
			name = Ruhanka;
			productName = Ruhanka;
			productReference = 041E91F72A54388A00233723 /* Ruhanka.app */;
			productType = "com.apple.product-type.application";
		};
/* End PBXNativeTarget section */

/* Begin PBXProject section */
		041E91EF2A54388A00233723 /* Project object */ = {
			isa = PBXProject;
			attributes = {
				BuildIndependentTargetsInParallel = 1;
				LastSwiftUpdateCheck = 1430;
				LastUpgradeCheck = 1430;
				TargetAttributes = {
					041E91F62A54388A00233723 = {
						CreatedOnToolsVersion = 14.3.1;
					};
				};
			};
			buildConfigurationList = 041E91F22A54388A00233723 /* Build configuration list for PBXProject "Ruhanka" */;
			compatibilityVersion = "Xcode 14.0";
			developmentRegion = en;
			hasScannedForEncodings = 0;
			knownRegions = (
				en,
				Base,
			);
			mainGroup = 041E91EE2A54388A00233723;
			productRefGroup = 041E91F82A54388A00233723 /* Products */;
			projectDirPath = "";
			projectRoot = "";
			targets = (
				041E91F62A54388A00233723 /* Ruhanka */,
			);
		};
/* End PBXProject section */

/* Begin PBXResourcesBuildPhase section */
		041E91F52A54388A00233723 /* Resources */ = {
			isa = PBXResourcesBuildPhase;
			buildActionMask = 2147483647;
			files = (
				041E920A2A54388C00233723 /* LaunchScreen.storyboard in Resources */,
				044121DB2A581A7D00039C77 /* GoogleService-Info.plist in Resources */,
				041E92072A54388C00233723 /* Assets.xcassets in Resources */,
				041E92022A54388A00233723 /* Main.storyboard in Resources */,
			);
			runOnlyForDeploymentPostprocessing = 0;
		};
/* End PBXResourcesBuildPhase section */

/* Begin PBXShellScriptBuildPhase section */
		CE8C86060836D7EB098845B2 /* [CP] Embed Pods Frameworks */ = {
			isa = PBXShellScriptBuildPhase;
			buildActionMask = 2147483647;
			files = (
			);
			inputFileListPaths = (
				"${PODS_ROOT}/Target Support Files/Pods-Ruhanka/Pods-Ruhanka-frameworks-${CONFIGURATION}-input-files.xcfilelist",
			);
			name = "[CP] Embed Pods Frameworks";
			outputFileListPaths = (
				"${PODS_ROOT}/Target Support Files/Pods-Ruhanka/Pods-Ruhanka-frameworks-${CONFIGURATION}-output-files.xcfilelist",
			);
			runOnlyForDeploymentPostprocessing = 0;
			shellPath = /bin/sh;
			shellScript = "\"${PODS_ROOT}/Target Support Files/Pods-Ruhanka/Pods-Ruhanka-frameworks.sh\"\n";
			showEnvVarsInLog = 0;
		};
		DFDBBF46C626DC20F99B7581 /* [CP] Check Pods Manifest.lock */ = {
			isa = PBXShellScriptBuildPhase;
			buildActionMask = 2147483647;
			files = (
			);
			inputFileListPaths = (
			);
			inputPaths = (
				"${PODS_PODFILE_DIR_PATH}/Podfile.lock",
				"${PODS_ROOT}/Manifest.lock",
			);
			name = "[CP] Check Pods Manifest.lock";
			outputFileListPaths = (
			);
			outputPaths = (
				"$(DERIVED_FILE_DIR)/Pods-Ruhanka-checkManifestLockResult.txt",
			);
			runOnlyForDeploymentPostprocessing = 0;
			shellPath = /bin/sh;
			shellScript = "diff \"${PODS_PODFILE_DIR_PATH}/Podfile.lock\" \"${PODS_ROOT}/Manifest.lock\" > /dev/null\nif [ $? != 0 ] ; then\n    # print error to STDERR\n    echo \"error: The sandbox is not in sync with the Podfile.lock. Run 'pod install' or update your CocoaPods installation.\" >&2\n    exit 1\nfi\n# This output is used by Xcode 'outputs' to avoid re-running this script phase.\necho \"SUCCESS\" > \"${SCRIPT_OUTPUT_FILE_0}\"\n";
			showEnvVarsInLog = 0;
		};
/* End PBXShellScriptBuildPhase section */

/* Begin PBXSourcesBuildPhase section */
		041E91F32A54388A00233723 /* Sources */ = {
			isa = PBXSourcesBuildPhase;
			buildActionMask = 2147483647;
			files = (
				044121D92A57218800039C77 /* RegistrationAndLoginModel.swift in Sources */,
				044121DD2A582EA500039C77 /* AvailableCoursesVC.swift in Sources */,
				041E91FF2A54388A00233723 /* AuthorizationVC.swift in Sources */,
				041E91FB2A54388A00233723 /* AppDelegate.swift in Sources */,
				0477BDB32A5704AD00FA9D32 /* LogInVC.swift in Sources */,
				04558DE62A55A2A60029EFF0 /* EmailRegistrationVC.swift in Sources */,
				041E92052A54388A00233723 /* Ruhanka.xcdatamodeld in Sources */,
				041E91FD2A54388A00233723 /* SceneDelegate.swift in Sources */,
				044121ED2A5F172B00039C77 /* Constants.swift in Sources */,
			);
			runOnlyForDeploymentPostprocessing = 0;
		};
/* End PBXSourcesBuildPhase section */

/* Begin PBXVariantGroup section */
		041E92002A54388A00233723 /* Main.storyboard */ = {
			isa = PBXVariantGroup;
			children = (
				041E92012A54388A00233723 /* Base */,
			);
			name = Main.storyboard;
			sourceTree = "<group>";
		};
		041E92082A54388C00233723 /* LaunchScreen.storyboard */ = {
			isa = PBXVariantGroup;
			children = (
				041E92092A54388C00233723 /* Base */,
			);
			name = LaunchScreen.storyboard;
			sourceTree = "<group>";
		};
/* End PBXVariantGroup section */

/* Begin XCBuildConfiguration section */
		041E920C2A54388C00233723 /* Debug */ = {
			isa = XCBuildConfiguration;
			buildSettings = {
				ALWAYS_SEARCH_USER_PATHS = NO;
				CLANG_ANALYZER_NONNULL = YES;
				CLANG_ANALYZER_NUMBER_OBJECT_CONVERSION = YES_AGGRESSIVE;
				CLANG_CXX_LANGUAGE_STANDARD = "gnu++20";
				CLANG_ENABLE_MODULES = YES;
				CLANG_ENABLE_OBJC_ARC = YES;
				CLANG_ENABLE_OBJC_WEAK = YES;
				CLANG_WARN_BLOCK_CAPTURE_AUTORELEASING = YES;
				CLANG_WARN_BOOL_CONVERSION = YES;
				CLANG_WARN_COMMA = YES;
				CLANG_WARN_CONSTANT_CONVERSION = YES;
				CLANG_WARN_DEPRECATED_OBJC_IMPLEMENTATIONS = YES;
				CLANG_WARN_DIRECT_OBJC_ISA_USAGE = YES_ERROR;
				CLANG_WARN_DOCUMENTATION_COMMENTS = YES;
				CLANG_WARN_EMPTY_BODY = YES;
				CLANG_WARN_ENUM_CONVERSION = YES;
				CLANG_WARN_INFINITE_RECURSION = YES;
				CLANG_WARN_INT_CONVERSION = YES;
				CLANG_WARN_NON_LITERAL_NULL_CONVERSION = YES;
				CLANG_WARN_OBJC_IMPLICIT_RETAIN_SELF = YES;
				CLANG_WARN_OBJC_LITERAL_CONVERSION = YES;
				CLANG_WARN_OBJC_ROOT_CLASS = YES_ERROR;
				CLANG_WARN_QUOTED_INCLUDE_IN_FRAMEWORK_HEADER = YES;
				CLANG_WARN_RANGE_LOOP_ANALYSIS = YES;
				CLANG_WARN_STRICT_PROTOTYPES = YES;
				CLANG_WARN_SUSPICIOUS_MOVE = YES;
				CLANG_WARN_UNGUARDED_AVAILABILITY = YES_AGGRESSIVE;
				CLANG_WARN_UNREACHABLE_CODE = YES;
				CLANG_WARN__DUPLICATE_METHOD_MATCH = YES;
				COPY_PHASE_STRIP = NO;
				DEBUG_INFORMATION_FORMAT = dwarf;
				ENABLE_STRICT_OBJC_MSGSEND = YES;
				ENABLE_TESTABILITY = YES;
				GCC_C_LANGUAGE_STANDARD = gnu11;
				GCC_DYNAMIC_NO_PIC = NO;
				GCC_NO_COMMON_BLOCKS = YES;
				GCC_OPTIMIZATION_LEVEL = 0;
				GCC_PREPROCESSOR_DEFINITIONS = (
					"DEBUG=1",
					"$(inherited)",
				);
				GCC_WARN_64_TO_32_BIT_CONVERSION = YES;
				GCC_WARN_ABOUT_RETURN_TYPE = YES_ERROR;
				GCC_WARN_UNDECLARED_SELECTOR = YES;
				GCC_WARN_UNINITIALIZED_AUTOS = YES_AGGRESSIVE;
				GCC_WARN_UNUSED_FUNCTION = YES;
				GCC_WARN_UNUSED_VARIABLE = YES;
				IPHONEOS_DEPLOYMENT_TARGET = 16.4;
				MTL_ENABLE_DEBUG_INFO = INCLUDE_SOURCE;
				MTL_FAST_MATH = YES;
				ONLY_ACTIVE_ARCH = YES;
				SDKROOT = iphoneos;
				SWIFT_ACTIVE_COMPILATION_CONDITIONS = DEBUG;
				SWIFT_OPTIMIZATION_LEVEL = "-Onone";
			};
			name = Debug;
		};
		041E920D2A54388C00233723 /* Release */ = {
			isa = XCBuildConfiguration;
			buildSettings = {
				ALWAYS_SEARCH_USER_PATHS = NO;
				CLANG_ANALYZER_NONNULL = YES;
				CLANG_ANALYZER_NUMBER_OBJECT_CONVERSION = YES_AGGRESSIVE;
				CLANG_CXX_LANGUAGE_STANDARD = "gnu++20";
				CLANG_ENABLE_MODULES = YES;
				CLANG_ENABLE_OBJC_ARC = YES;
				CLANG_ENABLE_OBJC_WEAK = YES;
				CLANG_WARN_BLOCK_CAPTURE_AUTORELEASING = YES;
				CLANG_WARN_BOOL_CONVERSION = YES;
				CLANG_WARN_COMMA = YES;
				CLANG_WARN_CONSTANT_CONVERSION = YES;
				CLANG_WARN_DEPRECATED_OBJC_IMPLEMENTATIONS = YES;
				CLANG_WARN_DIRECT_OBJC_ISA_USAGE = YES_ERROR;
				CLANG_WARN_DOCUMENTATION_COMMENTS = YES;
				CLANG_WARN_EMPTY_BODY = YES;
				CLANG_WARN_ENUM_CONVERSION = YES;
				CLANG_WARN_INFINITE_RECURSION = YES;
				CLANG_WARN_INT_CONVERSION = YES;
				CLANG_WARN_NON_LITERAL_NULL_CONVERSION = YES;
				CLANG_WARN_OBJC_IMPLICIT_RETAIN_SELF = YES;
				CLANG_WARN_OBJC_LITERAL_CONVERSION = YES;
				CLANG_WARN_OBJC_ROOT_CLASS = YES_ERROR;
				CLANG_WARN_QUOTED_INCLUDE_IN_FRAMEWORK_HEADER = YES;
				CLANG_WARN_RANGE_LOOP_ANALYSIS = YES;
				CLANG_WARN_STRICT_PROTOTYPES = YES;
				CLANG_WARN_SUSPICIOUS_MOVE = YES;
				CLANG_WARN_UNGUARDED_AVAILABILITY = YES_AGGRESSIVE;
				CLANG_WARN_UNREACHABLE_CODE = YES;
				CLANG_WARN__DUPLICATE_METHOD_MATCH = YES;
				COPY_PHASE_STRIP = NO;
				DEBUG_INFORMATION_FORMAT = "dwarf-with-dsym";
				ENABLE_NS_ASSERTIONS = NO;
				ENABLE_STRICT_OBJC_MSGSEND = YES;
				GCC_C_LANGUAGE_STANDARD = gnu11;
				GCC_NO_COMMON_BLOCKS = YES;
				GCC_WARN_64_TO_32_BIT_CONVERSION = YES;
				GCC_WARN_ABOUT_RETURN_TYPE = YES_ERROR;
				GCC_WARN_UNDECLARED_SELECTOR = YES;
				GCC_WARN_UNINITIALIZED_AUTOS = YES_AGGRESSIVE;
				GCC_WARN_UNUSED_FUNCTION = YES;
				GCC_WARN_UNUSED_VARIABLE = YES;
				IPHONEOS_DEPLOYMENT_TARGET = 16.4;
				MTL_ENABLE_DEBUG_INFO = NO;
				MTL_FAST_MATH = YES;
				SDKROOT = iphoneos;
				SWIFT_COMPILATION_MODE = wholemodule;
				SWIFT_OPTIMIZATION_LEVEL = "-O";
				VALIDATE_PRODUCT = YES;
			};
			name = Release;
		};
		041E920F2A54388C00233723 /* Debug */ = {
			isa = XCBuildConfiguration;
			baseConfigurationReference = 6BEA82482FA37DC90C74F7DE /* Pods-Ruhanka.debug.xcconfig */;
			buildSettings = {
				ASSETCATALOG_COMPILER_APPICON_NAME = AppIcon;
				ASSETCATALOG_COMPILER_GLOBAL_ACCENT_COLOR_NAME = AccentColor;
				CODE_SIGN_STYLE = Automatic;
				CURRENT_PROJECT_VERSION = 1;
				DEVELOPMENT_TEAM = 3PC38RJWH9;
				GENERATE_INFOPLIST_FILE = YES;
				INFOPLIST_FILE = Ruhanka/Info.plist;
				INFOPLIST_KEY_UIApplicationSupportsIndirectInputEvents = YES;
				INFOPLIST_KEY_UILaunchStoryboardName = LaunchScreen;
				INFOPLIST_KEY_UIMainStoryboardFile = Main;
				INFOPLIST_KEY_UIRequiresFullScreen = YES;
				INFOPLIST_KEY_UIStatusBarStyle = "";
				INFOPLIST_KEY_UISupportedInterfaceOrientations = UIInterfaceOrientationPortrait;
				IPHONEOS_DEPLOYMENT_TARGET = 16.0;
				LD_RUNPATH_SEARCH_PATHS = (
					"$(inherited)",
					"@executable_path/Frameworks",
				);
				MARKETING_VERSION = 1.0;
				PRODUCT_BUNDLE_IDENTIFIER = com.oleksandrborysenko.Ruhanka;
				PRODUCT_NAME = "$(TARGET_NAME)";
				SWIFT_EMIT_LOC_STRINGS = YES;
				SWIFT_VERSION = 5.0;
				TARGETED_DEVICE_FAMILY = "1,2";
			};
			name = Debug;
		};
		041E92102A54388C00233723 /* Release */ = {
			isa = XCBuildConfiguration;
			baseConfigurationReference = 3BE03EB784DD7D4647DB4971 /* Pods-Ruhanka.release.xcconfig */;
			buildSettings = {
				ASSETCATALOG_COMPILER_APPICON_NAME = AppIcon;
				ASSETCATALOG_COMPILER_GLOBAL_ACCENT_COLOR_NAME = AccentColor;
				CODE_SIGN_STYLE = Automatic;
				CURRENT_PROJECT_VERSION = 1;
				DEVELOPMENT_TEAM = 3PC38RJWH9;
				GENERATE_INFOPLIST_FILE = YES;
				INFOPLIST_FILE = Ruhanka/Info.plist;
				INFOPLIST_KEY_UIApplicationSupportsIndirectInputEvents = YES;
				INFOPLIST_KEY_UILaunchStoryboardName = LaunchScreen;
				INFOPLIST_KEY_UIMainStoryboardFile = Main;
				INFOPLIST_KEY_UIRequiresFullScreen = YES;
				INFOPLIST_KEY_UIStatusBarStyle = "";
				INFOPLIST_KEY_UISupportedInterfaceOrientations = UIInterfaceOrientationPortrait;
				IPHONEOS_DEPLOYMENT_TARGET = 16.0;
				LD_RUNPATH_SEARCH_PATHS = (
					"$(inherited)",
					"@executable_path/Frameworks",
				);
				MARKETING_VERSION = 1.0;
				PRODUCT_BUNDLE_IDENTIFIER = com.oleksandrborysenko.Ruhanka;
				PRODUCT_NAME = "$(TARGET_NAME)";
				SWIFT_EMIT_LOC_STRINGS = YES;
				SWIFT_VERSION = 5.0;
				TARGETED_DEVICE_FAMILY = "1,2";
			};
			name = Release;
		};
/* End XCBuildConfiguration section */

/* Begin XCConfigurationList section */
		041E91F22A54388A00233723 /* Build configuration list for PBXProject "Ruhanka" */ = {
			isa = XCConfigurationList;
			buildConfigurations = (
				041E920C2A54388C00233723 /* Debug */,
				041E920D2A54388C00233723 /* Release */,
			);
			defaultConfigurationIsVisible = 0;
			defaultConfigurationName = Release;
		};
		041E920E2A54388C00233723 /* Build configuration list for PBXNativeTarget "Ruhanka" */ = {
			isa = XCConfigurationList;
			buildConfigurations = (
				041E920F2A54388C00233723 /* Debug */,
				041E92102A54388C00233723 /* Release */,
			);
			defaultConfigurationIsVisible = 0;
			defaultConfigurationName = Release;
		};
/* End XCConfigurationList section */

/* Begin XCVersionGroup section */
		041E92032A54388A00233723 /* Ruhanka.xcdatamodeld */ = {
			isa = XCVersionGroup;
			children = (
				041E92042A54388A00233723 /* Ruhanka.xcdatamodel */,
			);
			currentVersion = 041E92042A54388A00233723 /* Ruhanka.xcdatamodel */;
			path = Ruhanka.xcdatamodeld;
			sourceTree = "<group>";
			versionGroupType = wrapper.xcdatamodel;
		};
/* End XCVersionGroup section */
	};
	rootObject = 041E91EF2A54388A00233723 /* Project object */;
}
